
Microsoft Visual Studio Solution File, Format Version 12.00
# Visual Studio Version 17
VisualStudioVersion = 17.0.31903.59
MinimumVisualStudioVersion = 10.0.40219.1
Project("{FAE04EC0-301F-11D3-BF4B-00C04F79EFBC}") = "Server", "Server\Server.csproj", "{D2F5A881-85A6-493C-8573-7303AD7379DE}"
EndProject
Project("{FAE04EC0-301F-11D3-BF4B-00C04F79EFBC}") = "Shared", "Shared\Shared.csproj", "{AD3A7670-E782-4DCC-ADC5-4E6FD1EE2E74}"
EndProject
Global
	GlobalSection(SolutionConfigurationPlatforms) = preSolution
		Debug|Any CPU = Debug|Any CPU
		Release|Any CPU = Release|Any CPU
	EndGlobalSection
	GlobalSection(SolutionProperties) = preSolution
		HideSolutionNode = FALSE
	EndGlobalSection
	GlobalSection(ProjectConfigurationPlatforms) = postSolution
		{D2F5A881-85A6-493C-8573-7303AD7379DE}.Debug|Any CPU.ActiveCfg = Debug|Any CPU
		{D2F5A881-85A6-493C-8573-7303AD7379DE}.Debug|Any CPU.Build.0 = Debug|Any CPU
		{D2F5A881-85A6-493C-8573-7303AD7379DE}.Release|Any CPU.ActiveCfg = Release|Any CPU
		{D2F5A881-85A6-493C-8573-7303AD7379DE}.Release|Any CPU.Build.0 = Release|Any CPU
		{AD3A7670-E782-4DCC-ADC5-4E6FD1EE2E74}.Debug|Any CPU.ActiveCfg = Debug|Any CPU
		{AD3A7670-E782-4DCC-ADC5-4E6FD1EE2E74}.Debug|Any CPU.Build.0 = Debug|Any CPU
		{AD3A7670-E782-4DCC-ADC5-4E6FD1EE2E74}.Release|Any CPU.ActiveCfg = Release|Any CPU
		{AD3A7670-E782-4DCC-ADC5-4E6FD1EE2E74}.Release|Any CPU.Build.0 = Release|Any CPU
	EndGlobalSection
EndGlobal
